
Microsoft Visual Studio Solution File, Format Version 12.00
# Visual Studio Version 16
VisualStudioVersion = 16.0.33927.289
MinimumVisualStudioVersion = 10.0.40219.1
Project("{FAE04EC0-301F-11D3-BF4B-00C04F79EFBC}") = "IteratorPattern", "IteratorPattern\IteratorPattern.csproj", "{9B92EFFE-F4DB-47CF-82B0-0CA4655C9074}"
EndProject
Project("{FAE04EC0-301F-11D3-BF4B-00C04F79EFBC}") = "ConsoleApp", "ConsoleApp\ConsoleApp.csproj", "{1F5C94FB-B141-43F2-9372-D555E3E2CC99}"
EndProject
Global
	GlobalSection(SolutionConfigurationPlatforms) = preSolution
		Debug|Any CPU = Debug|Any CPU
		Release|Any CPU = Release|Any CPU
	EndGlobalSection
	GlobalSection(ProjectConfigurationPlatforms) = postSolution
		{9B92EFFE-F4DB-47CF-82B0-0CA4655C9074}.Debug|Any CPU.ActiveCfg = Debug|Any CPU
		{9B92EFFE-F4DB-47CF-82B0-0CA4655C9074}.Debug|Any CPU.Build.0 = Debug|Any CPU
		{9B92EFFE-F4DB-47CF-82B0-0CA4655C9074}.Release|Any CPU.ActiveCfg = Release|Any CPU
		{9B92EFFE-F4DB-47CF-82B0-0CA4655C9074}.Release|Any CPU.Build.0 = Release|Any CPU
		{1F5C94FB-B141-43F2-9372-D555E3E2CC99}.Debug|Any CPU.ActiveCfg = Debug|Any CPU
		{1F5C94FB-B141-43F2-9372-D555E3E2CC99}.Debug|Any CPU.Build.0 = Debug|Any CPU
		{1F5C94FB-B141-43F2-9372-D555E3E2CC99}.Release|Any CPU.ActiveCfg = Release|Any CPU
		{1F5C94FB-B141-43F2-9372-D555E3E2CC99}.Release|Any CPU.Build.0 = Release|Any CPU
	EndGlobalSection
	GlobalSection(SolutionProperties) = preSolution
		HideSolutionNode = FALSE
	EndGlobalSection
	GlobalSection(ExtensibilityGlobals) = postSolution
		SolutionGuid = {50D52D28-2D75-4050-B29C-545820B1C8DC}
	EndGlobalSection
EndGlobal
